{
  "nodes": {
    "conixpkgs": {
      "inputs": {
        "nixpkgs": "nixpkgs",
        "sway-setter": "sway-setter",
        "utils": "utils_2"
      },
      "locked": {
        "lastModified": 1738502850,
        "narHash": "sha256-6JwQvGUvHrNvCTJD+DQiow/tNWY4mYkZaPhNk5tvK7I=",
        "owner": "cristianoliveira",
        "repo": "nixpkgs",
        "rev": "a105418496cb0f92f5c9636558c955337e980cad",
        "type": "github"
      },
      "original": {
        "owner": "cristianoliveira",
        "repo": "nixpkgs",
        "type": "github"
      }
    },
    "copkgs": {
      "inputs": {
        "ergo": "ergo",
        "funzzy": "funzzy",
        "nixpkgs": "nixpkgs_5",
        "sway-setter": "sway-setter_2",
        "utils": "utils_6"
      },
      "locked": {
        "lastModified": 1738668632,
        "narHash": "sha256-NrBdc81JkDqBJ1v9G4EPl+pFRfnDAnTxH05VSG8S2e4=",
        "owner": "cristianoliveira",
        "repo": "nixpkgs",
        "rev": "8969ab9ed3d6562c4e523ddae91f283167b93215",
        "type": "github"
      },
      "original": {
        "owner": "cristianoliveira",
        "ref": "nightly",
        "repo": "nixpkgs",
        "type": "github"
      }
    },
    "ergo": {
      "inputs": {
        "conixpkgs": "conixpkgs",
        "nixpkgs": "nixpkgs_3",
        "utils": "utils_3"
      },
      "locked": {
        "lastModified": 1738504630,
        "narHash": "sha256-f58OFP49ES0gBVXQ/daIWenVUIh5dS9A49oboZEO50Q=",
        "owner": "cristianoliveira",
        "repo": "ergo",
        "rev": "a328420674b17854534799f4fddc5d9f20ed8ed9",
        "type": "github"
      },
      "original": {
        "owner": "cristianoliveira",
        "repo": "ergo",
        "type": "github"
      }
    },
    "funzzy": {
      "inputs": {
        "nixpkgs": "nixpkgs_4",
        "utils": "utils_4"
      },
      "locked": {
        "lastModified": 1738503223,
        "narHash": "sha256-pF/c2GhJIjxicriRsxxA59c04IpaUDHrSOGTiQha+W0=",
        "owner": "cristianoliveira",
        "repo": "funzzy",
        "rev": "b30c6a25b33a50149fb3963bdf14497e618d95ea",
        "type": "github"
      },
      "original": {
        "owner": "cristianoliveira",
        "repo": "funzzy",
        "type": "github"
      }
    },
    "nix-darwin": {
      "inputs": {
        "nixpkgs": [
          "nixpkgs"
        ]
      },
      "locked": {
        "lastModified": 1741126078,
        "narHash": "sha256-ng0a4cIq3c9E3iGKomlwqKzVYs2RLOzQho2U1Mc2sqU=",
        "owner": "LnL7",
        "repo": "nix-darwin",
        "rev": "c172f50b55b087f8e7801631de977461603bb976",
        "type": "github"
      },
      "original": {
        "owner": "LnL7",
        "ref": "nix-darwin-24.11",
        "repo": "nix-darwin",
        "type": "github"
      }
    },
    "nixpkgs": {
      "locked": {
        "lastModified": 1738501561,
        "narHash": "sha256-QxG1rZaG75pxf0nw2lf+0PCZbeiaZJ0E1SC3vUDjj+E=",
        "owner": "nixos",
        "repo": "nixpkgs",
        "rev": "ac61f4ae0dacfb4212f3a30ab4db4eebb661a670",
        "type": "github"
      },
      "original": {
        "owner": "nixos",
        "repo": "nixpkgs",
        "type": "github"
      }
    },
    "nixpkgs_2": {
      "locked": {
        "lastModified": 1738349789,
        "narHash": "sha256-iU/eBsXr5iJp/EqfMBrXzaKO7j8GP2DnyccQrI3B6Zk=",
        "owner": "NixOS",
        "repo": "nixpkgs",
        "rev": "fb4e9aac4ee68b9034f99b55cc4c6fa8096525b3",
        "type": "github"
      },
      "original": {
        "owner": "NixOS",
        "repo": "nixpkgs",
        "type": "github"
      }
    },
    "nixpkgs_3": {
      "locked": {
        "lastModified": 1738504516,
        "narHash": "sha256-+Q2VFL4c5a097ebI8e45Lgv9Q42RQn/EtMQBYjKKvtk=",
        "owner": "NixOS",
        "repo": "nixpkgs",
        "rev": "9ae2f5a3314f81d22bc7ef670883883383223342",
        "type": "github"
      },
      "original": {
        "owner": "NixOS",
        "repo": "nixpkgs",
        "type": "github"
      }
    },
    "nixpkgs_4": {
      "locked": {
        "lastModified": 1720368505,
        "narHash": "sha256-5r0pInVo5d6Enti0YwUSQK4TebITypB42bWy5su3MrQ=",
        "owner": "nixos",
        "repo": "nixpkgs",
        "rev": "ab82a9612aa45284d4adf69ee81871a389669a9e",
        "type": "github"
      },
      "original": {
        "owner": "nixos",
        "repo": "nixpkgs",
        "type": "github"
      }
    },
    "nixpkgs_5": {
      "locked": {
        "lastModified": 1738667108,
        "narHash": "sha256-dX80jcKirVDmu0vdX+ZD/eHJldqFGTfsuDYlHRT/wxM=",
        "owner": "nixos",
        "repo": "nixpkgs",
        "rev": "a1e849ff441fa1315afa27e1fd18c791f61de06b",
        "type": "github"
      },
      "original": {
        "owner": "nixos",
        "repo": "nixpkgs",
        "type": "github"
      }
    },
    "nixpkgs_6": {
      "locked": {
        "lastModified": 1738349789,
        "narHash": "sha256-iU/eBsXr5iJp/EqfMBrXzaKO7j8GP2DnyccQrI3B6Zk=",
        "owner": "NixOS",
        "repo": "nixpkgs",
        "rev": "fb4e9aac4ee68b9034f99b55cc4c6fa8096525b3",
        "type": "github"
      },
      "original": {
        "owner": "NixOS",
        "repo": "nixpkgs",
        "type": "github"
      }
    },
    "nixpkgs_7": {
      "locked": {
        "lastModified": 1738574474,
        "narHash": "sha256-rvyfF49e/k6vkrRTV4ILrWd92W+nmBDfRYZgctOyolQ=",
        "owner": "nixos",
        "repo": "nixpkgs",
        "rev": "fecfeb86328381268e29e998ddd3ebc70bbd7f7c",
        "type": "github"
      },
      "original": {
        "owner": "nixos",
        "ref": "nixos-24.11",
        "repo": "nixpkgs",
        "type": "github"
      }
    },
    "root": {
      "inputs": {
        "copkgs": "copkgs",
        "nix-darwin": "nix-darwin",
        "nixpkgs": "nixpkgs_7"
      }
    },
    "sway-setter": {
      "inputs": {
        "nixpkgs": "nixpkgs_2",
        "utils": "utils"
      },
      "locked": {
        "lastModified": 1738501906,
        "narHash": "sha256-jPsSnvH02ls7Q062x+7hbX0MmrNMwj3gvDxYPwmnK38=",
        "owner": "cristianoliveira",
        "repo": "sway-setter",
        "rev": "286825e0afedb2adc5950b1b4438c8193b0d4090",
        "type": "github"
      },
      "original": {
        "owner": "cristianoliveira",
        "repo": "sway-setter",
        "type": "github"
      }
    },
    "sway-setter_2": {
      "inputs": {
        "nixpkgs": "nixpkgs_6",
        "utils": "utils_5"
      },
      "locked": {
        "lastModified": 1738668583,
        "narHash": "sha256-TboFIrVg5npUjn495aq2TCZx8LcOAINopHUN1StgmMo=",
        "owner": "cristianoliveira",
        "repo": "sway-setter",
        "rev": "2c4e6169e12e50cc55ed4bfec6056a97c4afd029",
        "type": "github"
      },
      "original": {
        "owner": "cristianoliveira",
        "repo": "sway-setter",
        "type": "github"
      }
    },
    "systems": {
      "locked": {
        "lastModified": 1681028828,
        "narHash": "sha256-Vy1rq5AaRuLzOxct8nz4T6wlgyUR7zLU309k9mBC768=",
        "owner": "nix-systems",
        "repo": "default",
        "rev": "da67096a3b9bf56a91d16901293e51ba5b49a27e",
        "type": "github"
      },
      "original": {
        "owner": "nix-systems",
        "repo": "default",
        "type": "github"
      }
    },
    "systems_2": {
      "locked": {
        "lastModified": 1681028828,
        "narHash": "sha256-Vy1rq5AaRuLzOxct8nz4T6wlgyUR7zLU309k9mBC768=",
        "owner": "nix-systems",
        "repo": "default",
        "rev": "da67096a3b9bf56a91d16901293e51ba5b49a27e",
        "type": "github"
      },
      "original": {
        "owner": "nix-systems",
        "repo": "default",
        "type": "github"
      }
    },
    "systems_3": {
      "locked": {
        "lastModified": 1681028828,
        "narHash": "sha256-Vy1rq5AaRuLzOxct8nz4T6wlgyUR7zLU309k9mBC768=",
        "owner": "nix-systems",
        "repo": "default",
        "rev": "da67096a3b9bf56a91d16901293e51ba5b49a27e",
        "type": "github"
      },
      "original": {
        "owner": "nix-systems",
        "repo": "default",
        "type": "github"
      }
    },
    "systems_4": {
      "locked": {
        "lastModified": 1681028828,
        "narHash": "sha256-Vy1rq5AaRuLzOxct8nz4T6wlgyUR7zLU309k9mBC768=",
        "owner": "nix-systems",
        "repo": "default",
        "rev": "da67096a3b9bf56a91d16901293e51ba5b49a27e",
        "type": "github"
      },
      "original": {
        "owner": "nix-systems",
        "repo": "default",
        "type": "github"
      }
    },
    "systems_5": {
      "locked": {
        "lastModified": 1681028828,
        "narHash": "sha256-Vy1rq5AaRuLzOxct8nz4T6wlgyUR7zLU309k9mBC768=",
        "owner": "nix-systems",
        "repo": "default",
        "rev": "da67096a3b9bf56a91d16901293e51ba5b49a27e",
        "type": "github"
      },
      "original": {
        "owner": "nix-systems",
        "repo": "default",
        "type": "github"
      }
    },
    "systems_6": {
      "locked": {
        "lastModified": 1681028828,
        "narHash": "sha256-Vy1rq5AaRuLzOxct8nz4T6wlgyUR7zLU309k9mBC768=",
        "owner": "nix-systems",
        "repo": "default",
        "rev": "da67096a3b9bf56a91d16901293e51ba5b49a27e",
        "type": "github"
      },
      "original": {
        "owner": "nix-systems",
        "repo": "default",
        "type": "github"
      }
    },
    "utils": {
      "inputs": {
        "systems": "systems"
      },
      "locked": {
        "lastModified": 1731533236,
        "narHash": "sha256-l0KFg5HjrsfsO/JpG+r7fRrqm12kzFHyUHqHCVpMMbI=",
        "owner": "numtide",
        "repo": "flake-utils",
        "rev": "11707dc2f618dd54ca8739b309ec4fc024de578b",
        "type": "github"
      },
      "original": {
        "owner": "numtide",
        "repo": "flake-utils",
        "type": "github"
      }
    },
    "utils_2": {
      "inputs": {
        "systems": "systems_2"
      },
      "locked": {
        "lastModified": 1731533236,
        "narHash": "sha256-l0KFg5HjrsfsO/JpG+r7fRrqm12kzFHyUHqHCVpMMbI=",
        "owner": "numtide",
        "repo": "flake-utils",
        "rev": "11707dc2f618dd54ca8739b309ec4fc024de578b",
        "type": "github"
      },
      "original": {
        "owner": "numtide",
        "repo": "flake-utils",
        "type": "github"
      }
    },
    "utils_3": {
      "inputs": {
        "systems": "systems_3"
      },
      "locked": {
        "lastModified": 1731533236,
        "narHash": "sha256-l0KFg5HjrsfsO/JpG+r7fRrqm12kzFHyUHqHCVpMMbI=",
        "owner": "numtide",
        "repo": "flake-utils",
        "rev": "11707dc2f618dd54ca8739b309ec4fc024de578b",
        "type": "github"
      },
      "original": {
        "owner": "numtide",
        "repo": "flake-utils",
        "type": "github"
      }
    },
    "utils_4": {
      "inputs": {
        "systems": "systems_4"
      },
      "locked": {
        "lastModified": 1726560853,
        "narHash": "sha256-X6rJYSESBVr3hBoH0WbKE5KvhPU5bloyZ2L4K60/fPQ=",
        "owner": "numtide",
        "repo": "flake-utils",
        "rev": "c1dfcf08411b08f6b8615f7d8971a2bfa81d5e8a",
        "type": "github"
      },
      "original": {
        "owner": "numtide",
        "repo": "flake-utils",
        "type": "github"
      }
    },
    "utils_5": {
      "inputs": {
        "systems": "systems_5"
      },
      "locked": {
        "lastModified": 1731533236,
        "narHash": "sha256-l0KFg5HjrsfsO/JpG+r7fRrqm12kzFHyUHqHCVpMMbI=",
        "owner": "numtide",
        "repo": "flake-utils",
        "rev": "11707dc2f618dd54ca8739b309ec4fc024de578b",
        "type": "github"
      },
      "original": {
        "owner": "numtide",
        "repo": "flake-utils",
        "type": "github"
      }
    },
    "utils_6": {
      "inputs": {
        "systems": "systems_6"
      },
      "locked": {
        "lastModified": 1731533236,
        "narHash": "sha256-l0KFg5HjrsfsO/JpG+r7fRrqm12kzFHyUHqHCVpMMbI=",
        "owner": "numtide",
        "repo": "flake-utils",
        "rev": "11707dc2f618dd54ca8739b309ec4fc024de578b",
        "type": "github"
      },
      "original": {
        "owner": "numtide",
        "repo": "flake-utils",
        "type": "github"
      }
    }
  },
  "root": "root",
  "version": 7
}
