{
  "nodes": {
    "co-pkgs": {
      "inputs": {
        "nixpkgs": "nixpkgs",
        "utils": "utils"
      },
      "locked": {
        "lastModified": 1730367668,
        "narHash": "sha256-X9IABdlntW6JdweuvZktGta/UcdAFZ04mdYCQp6XxK8=",
        "owner": "cristianoliveira",
        "repo": "nixpkgs",
        "rev": "bc50f3e1345ec45a1028afe0529439c5676c70f3",
        "type": "github"
      },
      "original": {
        "owner": "cristianoliveira",
        "ref": "main",
        "repo": "nixpkgs",
        "type": "github"
      }
    },
    "nix-darwin": {
      "inputs": {
        "nixpkgs": [
          "nixpkgs"
        ]
      },
      "locked": {
        "lastModified": 1731153869,
        "narHash": "sha256-3Ftf9oqOypcEyyrWJ0baVkRpvQqroK/SVBFLvU3nPuc=",
        "owner": "LnL7",
        "repo": "nix-darwin",
        "rev": "5c74ab862c8070cbf6400128a1b56abb213656da",
        "type": "github"
      },
      "original": {
        "owner": "LnL7",
        "repo": "nix-darwin",
        "type": "github"
      }
    },
    "nixpkgs": {
      "locked": {
        "lastModified": 1720705017,
        "narHash": "sha256-eDbw6fazdrsvoQaiTLRHaJgJm2H/HO9uu31dzOf8C5M=",
        "owner": "nixos",
        "repo": "nixpkgs",
        "rev": "bed9309adc836ddea35a5923fdca425d23002abf",
        "type": "github"
      },
      "original": {
        "owner": "nixos",
        "repo": "nixpkgs",
        "type": "github"
      }
    },
    "nixpkgs_2": {
      "locked": {
        "lastModified": 1730963269,
        "narHash": "sha256-rz30HrFYCHiWEBCKHMffHbMdWJ35hEkcRVU0h7ms3x0=",
        "owner": "nixos",
        "repo": "nixpkgs",
        "rev": "83fb6c028368e465cd19bb127b86f971a5e41ebc",
        "type": "github"
      },
      "original": {
        "owner": "nixos",
        "ref": "nixos-24.05",
        "repo": "nixpkgs",
        "type": "github"
      }
    },
    "root": {
      "inputs": {
        "co-pkgs": "co-pkgs",
        "nix-darwin": "nix-darwin",
        "nixpkgs": "nixpkgs_2"
      }
    },
    "systems": {
      "locked": {
        "lastModified": 1681028828,
        "narHash": "sha256-Vy1rq5AaRuLzOxct8nz4T6wlgyUR7zLU309k9mBC768=",
        "owner": "nix-systems",
        "repo": "default",
        "rev": "da67096a3b9bf56a91d16901293e51ba5b49a27e",
        "type": "github"
      },
      "original": {
        "owner": "nix-systems",
        "repo": "default",
        "type": "github"
      }
    },
    "utils": {
      "inputs": {
        "systems": "systems"
      },
      "locked": {
        "lastModified": 1726560853,
        "narHash": "sha256-X6rJYSESBVr3hBoH0WbKE5KvhPU5bloyZ2L4K60/fPQ=",
        "owner": "numtide",
        "repo": "flake-utils",
        "rev": "c1dfcf08411b08f6b8615f7d8971a2bfa81d5e8a",
        "type": "github"
      },
      "original": {
        "owner": "numtide",
        "repo": "flake-utils",
        "type": "github"
      }
    }
  },
  "root": "root",
  "version": 7
}
